# This file is automatically @generated by Cargo.
# It is not intended for manual editing.
version = 3

[[package]]
name = "control_flow"
version = "0.1.0"

[[package]]
name = "enum-areacalc"
version = "0.1.0"

[[package]]
name = "enums-keyboard"
version = "0.1.0"

[[package]]
name = "ex1"
version = "0.1.0"

[[package]]
name = "match_ex"
version = "0.1.0"

[[package]]
name = "options-division"
version = "0.1.0"

[[package]]
name = "struct-areacalc"
version = "0.1.0"

[[package]]
name = "structs-area0"
version = "0.1.0"

[[package]]
name = "vector-basic"
version = "0.1.0"
